// !$*UTF8*$!
{
	archiveVersion = 1;
	classes = {
	};
	objectVersion = 46;
	objects = {

/* Begin PBXBuildFile section */
		AC27652B1E6B31540019313B /* main.m in Sources */ = {isa = PBXBuildFile; fileRef = AC27652A1E6B31540019313B /* main.m */; };
		AC27652E1E6B31540019313B /* AppDelegate.m in Sources */ = {isa = PBXBuildFile; fileRef = AC27652D1E6B31540019313B /* AppDelegate.m */; };
		AC2765311E6B31540019313B /* FirstView.m in Sources */ = {isa = PBXBuildFile; fileRef = AC2765301E6B31540019313B /* FirstView.m */; };
		AC2765341E6B31540019313B /* Main.storyboard in Resources */ = {isa = PBXBuildFile; fileRef = AC2765321E6B31540019313B /* Main.storyboard */; };
		AC2765361E6B31540019313B /* Assets.xcassets in Resources */ = {isa = PBXBuildFile; fileRef = AC2765351E6B31540019313B /* Assets.xcassets */; };
		AC2765391E6B31540019313B /* LaunchScreen.storyboard in Resources */ = {isa = PBXBuildFile; fileRef = AC2765371E6B31540019313B /* LaunchScreen.storyboard */; };
		AC2765441E6B31540019313B /* ViperTestTests.m in Sources */ = {isa = PBXBuildFile; fileRef = AC2765431E6B31540019313B /* ViperTestTests.m */; };
		AC27654F1E6B31540019313B /* ViperTestUITests.m in Sources */ = {isa = PBXBuildFile; fileRef = AC27654E1E6B31540019313B /* ViperTestUITests.m */; };
		AC27655E1E6B31680019313B /* Presenter.m in Sources */ = {isa = PBXBuildFile; fileRef = AC27655D1E6B31680019313B /* Presenter.m */; };
		AC2765611E6B31750019313B /* Interactor.m in Sources */ = {isa = PBXBuildFile; fileRef = AC2765601E6B31750019313B /* Interactor.m */; };
		AC2765641E6B31830019313B /* Router.m in Sources */ = {isa = PBXBuildFile; fileRef = AC2765631E6B31830019313B /* Router.m */; };
		AC2765671E6B31940019313B /* Entity.m in Sources */ = {isa = PBXBuildFile; fileRef = AC2765661E6B31940019313B /* Entity.m */; };
/* End PBXBuildFile section */

/* Begin PBXContainerItemProxy section */
		AC2765401E6B31540019313B /* PBXContainerItemProxy */ = {
			isa = PBXContainerItemProxy;
			containerPortal = AC27651E1E6B31540019313B /* Project object */;
			proxyType = 1;
			remoteGlobalIDString = AC2765251E6B31540019313B;
			remoteInfo = ViperTest;
		};
		AC27654B1E6B31540019313B /* PBXContainerItemProxy */ = {
			isa = PBXContainerItemProxy;
			containerPortal = AC27651E1E6B31540019313B /* Project object */;
			proxyType = 1;
			remoteGlobalIDString = AC2765251E6B31540019313B;
			remoteInfo = ViperTest;
		};
/* End PBXContainerItemProxy section */

/* Begin PBXFileReference section */
		AC2765261E6B31540019313B /* ViperTest.app */ = {isa = PBXFileReference; explicitFileType = wrapper.application; includeInIndex = 0; path = ViperTest.app; sourceTree = BUILT_PRODUCTS_DIR; };
		AC27652A1E6B31540019313B /* main.m */ = {isa = PBXFileReference; lastKnownFileType = sourcecode.c.objc; path = main.m; sourceTree = "<group>"; };
		AC27652C1E6B31540019313B /* AppDelegate.h */ = {isa = PBXFileReference; lastKnownFileType = sourcecode.c.h; path = AppDelegate.h; sourceTree = "<group>"; };
		AC27652D1E6B31540019313B /* AppDelegate.m */ = {isa = PBXFileReference; lastKnownFileType = sourcecode.c.objc; path = AppDelegate.m; sourceTree = "<group>"; };
		AC27652F1E6B31540019313B /* FirstView.h */ = {isa = PBXFileReference; lastKnownFileType = sourcecode.c.h; path = FirstView.h; sourceTree = "<group>"; };
		AC2765301E6B31540019313B /* FirstView.m */ = {isa = PBXFileReference; lastKnownFileType = sourcecode.c.objc; path = FirstView.m; sourceTree = "<group>"; };
		AC2765331E6B31540019313B /* Base */ = {isa = PBXFileReference; lastKnownFileType = file.storyboard; name = Base; path = Base.lproj/Main.storyboard; sourceTree = "<group>"; };
		AC2765351E6B31540019313B /* Assets.xcassets */ = {isa = PBXFileReference; lastKnownFileType = folder.assetcatalog; path = Assets.xcassets; sourceTree = "<group>"; };
		AC2765381E6B31540019313B /* Base */ = {isa = PBXFileReference; lastKnownFileType = file.storyboard; name = Base; path = Base.lproj/LaunchScreen.storyboard; sourceTree = "<group>"; };
		AC27653A1E6B31540019313B /* Info.plist */ = {isa = PBXFileReference; lastKnownFileType = text.plist.xml; path = Info.plist; sourceTree = "<group>"; };
		AC27653F1E6B31540019313B /* ViperTestTests.xctest */ = {isa = PBXFileReference; explicitFileType = wrapper.cfbundle; includeInIndex = 0; path = ViperTestTests.xctest; sourceTree = BUILT_PRODUCTS_DIR; };
		AC2765431E6B31540019313B /* ViperTestTests.m */ = {isa = PBXFileReference; lastKnownFileType = sourcecode.c.objc; path = ViperTestTests.m; sourceTree = "<group>"; };
		AC2765451E6B31540019313B /* Info.plist */ = {isa = PBXFileReference; lastKnownFileType = text.plist.xml; path = Info.plist; sourceTree = "<group>"; };
		AC27654A1E6B31540019313B /* ViperTestUITests.xctest */ = {isa = PBXFileReference; explicitFileType = wrapper.cfbundle; includeInIndex = 0; path = ViperTestUITests.xctest; sourceTree = BUILT_PRODUCTS_DIR; };
		AC27654E1E6B31540019313B /* ViperTestUITests.m */ = {isa = PBXFileReference; lastKnownFileType = sourcecode.c.objc; path = ViperTestUITests.m; sourceTree = "<group>"; };
		AC2765501E6B31540019313B /* Info.plist */ = {isa = PBXFileReference; lastKnownFileType = text.plist.xml; path = Info.plist; sourceTree = "<group>"; };
		AC27655C1E6B31680019313B /* Presenter.h */ = {isa = PBXFileReference; fileEncoding = 4; lastKnownFileType = sourcecode.c.h; path = Presenter.h; sourceTree = "<group>"; };
		AC27655D1E6B31680019313B /* Presenter.m */ = {isa = PBXFileReference; fileEncoding = 4; lastKnownFileType = sourcecode.c.objc; path = Presenter.m; sourceTree = "<group>"; };
		AC27655F1E6B31750019313B /* Interactor.h */ = {isa = PBXFileReference; fileEncoding = 4; lastKnownFileType = sourcecode.c.h; path = Interactor.h; sourceTree = "<group>"; };
		AC2765601E6B31750019313B /* Interactor.m */ = {isa = PBXFileReference; fileEncoding = 4; lastKnownFileType = sourcecode.c.objc; path = Interactor.m; sourceTree = "<group>"; };
		AC2765621E6B31830019313B /* Router.h */ = {isa = PBXFileReference; fileEncoding = 4; lastKnownFileType = sourcecode.c.h; path = Router.h; sourceTree = "<group>"; };
		AC2765631E6B31830019313B /* Router.m */ = {isa = PBXFileReference; fileEncoding = 4; lastKnownFileType = sourcecode.c.objc; path = Router.m; sourceTree = "<group>"; };
		AC2765651E6B31940019313B /* Entity.h */ = {isa = PBXFileReference; fileEncoding = 4; lastKnownFileType = sourcecode.c.h; path = Entity.h; sourceTree = "<group>"; };
		AC2765661E6B31940019313B /* Entity.m */ = {isa = PBXFileReference; fileEncoding = 4; lastKnownFileType = sourcecode.c.objc; path = Entity.m; sourceTree = "<group>"; };
/* End PBXFileReference section */

/* Begin PBXFrameworksBuildPhase section */
		AC2765231E6B31540019313B /* Frameworks */ = {
			isa = PBXFrameworksBuildPhase;
			buildActionMask = 2147483647;
			files = (
			);
			runOnlyForDeploymentPostprocessing = 0;
		};
		AC27653C1E6B31540019313B /* Frameworks */ = {
			isa = PBXFrameworksBuildPhase;
			buildActionMask = 2147483647;
			files = (
			);
			runOnlyForDeploymentPostprocessing = 0;
		};
		AC2765471E6B31540019313B /* Frameworks */ = {
			isa = PBXFrameworksBuildPhase;
			buildActionMask = 2147483647;
			files = (
			);
			runOnlyForDeploymentPostprocessing = 0;
		};
/* End PBXFrameworksBuildPhase section */

/* Begin PBXGroup section */
		AC27651D1E6B31540019313B = {
			isa = PBXGroup;
			children = (
				AC2765281E6B31540019313B /* ViperTest */,
				AC2765421E6B31540019313B /* ViperTestTests */,
				AC27654D1E6B31540019313B /* ViperTestUITests */,
				AC2765271E6B31540019313B /* Products */,
			);
			sourceTree = "<group>";
		};
		AC2765271E6B31540019313B /* Products */ = {
			isa = PBXGroup;
			children = (
				AC2765261E6B31540019313B /* ViperTest.app */,
				AC27653F1E6B31540019313B /* ViperTestTests.xctest */,
				AC27654A1E6B31540019313B /* ViperTestUITests.xctest */,
			);
			name = Products;
			sourceTree = "<group>";
		};
		AC2765281E6B31540019313B /* ViperTest */ = {
			isa = PBXGroup;
			children = (
				AC27652C1E6B31540019313B /* AppDelegate.h */,
				AC27652D1E6B31540019313B /* AppDelegate.m */,
				AC27652F1E6B31540019313B /* FirstView.h */,
				AC2765301E6B31540019313B /* FirstView.m */,
				AC27655C1E6B31680019313B /* Presenter.h */,
				AC27655D1E6B31680019313B /* Presenter.m */,
				AC27655F1E6B31750019313B /* Interactor.h */,
				AC2765601E6B31750019313B /* Interactor.m */,
				AC2765621E6B31830019313B /* Router.h */,
				AC2765631E6B31830019313B /* Router.m */,
				AC2765651E6B31940019313B /* Entity.h */,
				AC2765661E6B31940019313B /* Entity.m */,
				AC2765321E6B31540019313B /* Main.storyboard */,
				AC2765351E6B31540019313B /* Assets.xcassets */,
				AC2765371E6B31540019313B /* LaunchScreen.storyboard */,
				AC27653A1E6B31540019313B /* Info.plist */,
				AC2765291E6B31540019313B /* Supporting Files */,
			);
			path = ViperTest;
			sourceTree = "<group>";
		};
		AC2765291E6B31540019313B /* Supporting Files */ = {
			isa = PBXGroup;
			children = (
				AC27652A1E6B31540019313B /* main.m */,
			);
			name = "Supporting Files";
			sourceTree = "<group>";
		};
		AC2765421E6B31540019313B /* ViperTestTests */ = {
			isa = PBXGroup;
			children = (
				AC2765431E6B31540019313B /* ViperTestTests.m */,
				AC2765451E6B31540019313B /* Info.plist */,
			);
			path = ViperTestTests;
			sourceTree = "<group>";
		};
		AC27654D1E6B31540019313B /* ViperTestUITests */ = {
			isa = PBXGroup;
			children = (
				AC27654E1E6B31540019313B /* ViperTestUITests.m */,
				AC2765501E6B31540019313B /* Info.plist */,
			);
			path = ViperTestUITests;
			sourceTree = "<group>";
		};
/* End PBXGroup section */

/* Begin PBXNativeTarget section */
		AC2765251E6B31540019313B /* ViperTest */ = {
			isa = PBXNativeTarget;
			buildConfigurationList = AC2765531E6B31540019313B /* Build configuration list for PBXNativeTarget "ViperTest" */;
			buildPhases = (
				AC2765221E6B31540019313B /* Sources */,
				AC2765231E6B31540019313B /* Frameworks */,
				AC2765241E6B31540019313B /* Resources */,
			);
			buildRules = (
			);
			dependencies = (
			);
			name = ViperTest;
			productName = ViperTest;
			productReference = AC2765261E6B31540019313B /* ViperTest.app */;
			productType = "com.apple.product-type.application";
		};
		AC27653E1E6B31540019313B /* ViperTestTests */ = {
			isa = PBXNativeTarget;
			buildConfigurationList = AC2765561E6B31540019313B /* Build configuration list for PBXNativeTarget "ViperTestTests" */;
			buildPhases = (
				AC27653B1E6B31540019313B /* Sources */,
				AC27653C1E6B31540019313B /* Frameworks */,
				AC27653D1E6B31540019313B /* Resources */,
			);
			buildRules = (
			);
			dependencies = (
				AC2765411E6B31540019313B /* PBXTargetDependency */,
			);
			name = ViperTestTests;
			productName = ViperTestTests;
			productReference = AC27653F1E6B31540019313B /* ViperTestTests.xctest */;
			productType = "com.apple.product-type.bundle.unit-test";
		};
		AC2765491E6B31540019313B /* ViperTestUITests */ = {
			isa = PBXNativeTarget;
			buildConfigurationList = AC2765591E6B31540019313B /* Build configuration list for PBXNativeTarget "ViperTestUITests" */;
			buildPhases = (
				AC2765461E6B31540019313B /* Sources */,
				AC2765471E6B31540019313B /* Frameworks */,
				AC2765481E6B31540019313B /* Resources */,
			);
			buildRules = (
			);
			dependencies = (
				AC27654C1E6B31540019313B /* PBXTargetDependency */,
			);
			name = ViperTestUITests;
			productName = ViperTestUITests;
			productReference = AC27654A1E6B31540019313B /* ViperTestUITests.xctest */;
			productType = "com.apple.product-type.bundle.ui-testing";
		};
/* End PBXNativeTarget section */

/* Begin PBXProject section */
		AC27651E1E6B31540019313B /* Project object */ = {
			isa = PBXProject;
			attributes = {
				LastUpgradeCheck = 0820;
				ORGANIZATIONNAME = "Milorad Orzes";
				TargetAttributes = {
					AC2765251E6B31540019313B = {
						CreatedOnToolsVersion = 8.2.1;
						ProvisioningStyle = Automatic;
					};
					AC27653E1E6B31540019313B = {
						CreatedOnToolsVersion = 8.2.1;
						ProvisioningStyle = Automatic;
						TestTargetID = AC2765251E6B31540019313B;
					};
					AC2765491E6B31540019313B = {
						CreatedOnToolsVersion = 8.2.1;
						ProvisioningStyle = Automatic;
						TestTargetID = AC2765251E6B31540019313B;
					};
				};
			};
			buildConfigurationList = AC2765211E6B31540019313B /* Build configuration list for PBXProject "ViperTest" */;
			compatibilityVersion = "Xcode 3.2";
			developmentRegion = English;
			hasScannedForEncodings = 0;
			knownRegions = (
				en,
				Base,
			);
			mainGroup = AC27651D1E6B31540019313B;
			productRefGroup = AC2765271E6B31540019313B /* Products */;
			projectDirPath = "";
			projectRoot = "";
			targets = (
				AC2765251E6B31540019313B /* ViperTest */,
				AC27653E1E6B31540019313B /* ViperTestTests */,
				AC2765491E6B31540019313B /* ViperTestUITests */,
			);
		};
/* End PBXProject section */

/* Begin PBXResourcesBuildPhase section */
		AC2765241E6B31540019313B /* Resources */ = {
			isa = PBXResourcesBuildPhase;
			buildActionMask = 2147483647;
			files = (
				AC2765391E6B31540019313B /* LaunchScreen.storyboard in Resources */,
				AC2765361E6B31540019313B /* Assets.xcassets in Resources */,
				AC2765341E6B31540019313B /* Main.storyboard in Resources */,
			);
			runOnlyForDeploymentPostprocessing = 0;
		};
		AC27653D1E6B31540019313B /* Resources */ = {
			isa = PBXResourcesBuildPhase;
			buildActionMask = 2147483647;
			files = (
			);
			runOnlyForDeploymentPostprocessing = 0;
		};
		AC2765481E6B31540019313B /* Resources */ = {
			isa = PBXResourcesBuildPhase;
			buildActionMask = 2147483647;
			files = (
			);
			runOnlyForDeploymentPostprocessing = 0;
		};
/* End PBXResourcesBuildPhase section */

/* Begin PBXSourcesBuildPhase section */
		AC2765221E6B31540019313B /* Sources */ = {
			isa = PBXSourcesBuildPhase;
			buildActionMask = 2147483647;
			files = (
				AC2765671E6B31940019313B /* Entity.m in Sources */,
				AC2765311E6B31540019313B /* FirstView.m in Sources */,
				AC2765611E6B31750019313B /* Interactor.m in Sources */,
				AC27652E1E6B31540019313B /* AppDelegate.m in Sources */,
				AC27655E1E6B31680019313B /* Presenter.m in Sources */,
				AC2765641E6B31830019313B /* Router.m in Sources */,
				AC27652B1E6B31540019313B /* main.m in Sources */,
			);
			runOnlyForDeploymentPostprocessing = 0;
		};
		AC27653B1E6B31540019313B /* Sources */ = {
			isa = PBXSourcesBuildPhase;
			buildActionMask = 2147483647;
			files = (
				AC2765441E6B31540019313B /* ViperTestTests.m in Sources */,
			);
			runOnlyForDeploymentPostprocessing = 0;
		};
		AC2765461E6B31540019313B /* Sources */ = {
			isa = PBXSourcesBuildPhase;
			buildActionMask = 2147483647;
			files = (
				AC27654F1E6B31540019313B /* ViperTestUITests.m in Sources */,
			);
			runOnlyForDeploymentPostprocessing = 0;
		};
/* End PBXSourcesBuildPhase section */

/* Begin PBXTargetDependency section */
		AC2765411E6B31540019313B /* PBXTargetDependency */ = {
			isa = PBXTargetDependency;
			target = AC2765251E6B31540019313B /* ViperTest */;
			targetProxy = AC2765401E6B31540019313B /* PBXContainerItemProxy */;
		};
		AC27654C1E6B31540019313B /* PBXTargetDependency */ = {
			isa = PBXTargetDependency;
			target = AC2765251E6B31540019313B /* ViperTest */;
			targetProxy = AC27654B1E6B31540019313B /* PBXContainerItemProxy */;
		};
/* End PBXTargetDependency section */

/* Begin PBXVariantGroup section */
		AC2765321E6B31540019313B /* Main.storyboard */ = {
			isa = PBXVariantGroup;
			children = (
				AC2765331E6B31540019313B /* Base */,
			);
			name = Main.storyboard;
			sourceTree = "<group>";
		};
		AC2765371E6B31540019313B /* LaunchScreen.storyboard */ = {
			isa = PBXVariantGroup;
			children = (
				AC2765381E6B31540019313B /* Base */,
			);
			name = LaunchScreen.storyboard;
			sourceTree = "<group>";
		};
/* End PBXVariantGroup section */

/* Begin XCBuildConfiguration section */
		AC2765511E6B31540019313B /* Debug */ = {
			isa = XCBuildConfiguration;
			buildSettings = {
				ALWAYS_SEARCH_USER_PATHS = NO;
				CLANG_ANALYZER_NONNULL = YES;
				CLANG_CXX_LANGUAGE_STANDARD = "gnu++0x";
				CLANG_CXX_LIBRARY = "libc++";
				CLANG_ENABLE_MODULES = YES;
				CLANG_ENABLE_OBJC_ARC = YES;
				CLANG_WARN_BOOL_CONVERSION = YES;
				CLANG_WARN_CONSTANT_CONVERSION = YES;
				CLANG_WARN_DIRECT_OBJC_ISA_USAGE = YES_ERROR;
				CLANG_WARN_DOCUMENTATION_COMMENTS = YES;
				CLANG_WARN_EMPTY_BODY = YES;
				CLANG_WARN_ENUM_CONVERSION = YES;
				CLANG_WARN_INFINITE_RECURSION = YES;
				CLANG_WARN_INT_CONVERSION = YES;
				CLANG_WARN_OBJC_ROOT_CLASS = YES_ERROR;
				CLANG_WARN_SUSPICIOUS_MOVE = YES;
				CLANG_WARN_UNREACHABLE_CODE = YES;
				CLANG_WARN__DUPLICATE_METHOD_MATCH = YES;
				"CODE_SIGN_IDENTITY[sdk=iphoneos*]" = "iPhone Developer";
				COPY_PHASE_STRIP = NO;
				DEBUG_INFORMATION_FORMAT = dwarf;
				ENABLE_STRICT_OBJC_MSGSEND = YES;
				ENABLE_TESTABILITY = YES;
				GCC_C_LANGUAGE_STANDARD = gnu99;
				GCC_DYNAMIC_NO_PIC = NO;
				GCC_NO_COMMON_BLOCKS = YES;
				GCC_OPTIMIZATION_LEVEL = 0;
				GCC_PREPROCESSOR_DEFINITIONS = (
					"DEBUG=1",
					"$(inherited)",
				);
				GCC_WARN_64_TO_32_BIT_CONVERSION = YES;
				GCC_WARN_ABOUT_RETURN_TYPE = YES_ERROR;
				GCC_WARN_UNDECLARED_SELECTOR = YES;
				GCC_WARN_UNINITIALIZED_AUTOS = YES_AGGRESSIVE;
				GCC_WARN_UNUSED_FUNCTION = YES;
				GCC_WARN_UNUSED_VARIABLE = YES;
				IPHONEOS_DEPLOYMENT_TARGET = 10.2;
				MTL_ENABLE_DEBUG_INFO = YES;
				ONLY_ACTIVE_ARCH = YES;
				SDKROOT = iphoneos;
				TARGETED_DEVICE_FAMILY = "1,2";
			};
			name = Debug;
		};
		AC2765521E6B31540019313B /* Release */ = {
			isa = XCBuildConfiguration;
			buildSettings = {
				ALWAYS_SEARCH_USER_PATHS = NO;
				CLANG_ANALYZER_NONNULL = YES;
				CLANG_CXX_LANGUAGE_STANDARD = "gnu++0x";
				CLANG_CXX_LIBRARY = "libc++";
				CLANG_ENABLE_MODULES = YES;
				CLANG_ENABLE_OBJC_ARC = YES;
				CLANG_WARN_BOOL_CONVERSION = YES;
				CLANG_WARN_CONSTANT_CONVERSION = YES;
				CLANG_WARN_DIRECT_OBJC_ISA_USAGE = YES_ERROR;
				CLANG_WARN_DOCUMENTATION_COMMENTS = YES;
				CLANG_WARN_EMPTY_BODY = YES;
				CLANG_WARN_ENUM_CONVERSION = YES;
				CLANG_WARN_INFINITE_RECURSION = YES;
				CLANG_WARN_INT_CONVERSION = YES;
				CLANG_WARN_OBJC_ROOT_CLASS = YES_ERROR;
				CLANG_WARN_SUSPICIOUS_MOVE = YES;
				CLANG_WARN_UNREACHABLE_CODE = YES;
				CLANG_WARN__DUPLICATE_METHOD_MATCH = YES;
				"CODE_SIGN_IDENTITY[sdk=iphoneos*]" = "iPhone Developer";
				COPY_PHASE_STRIP = NO;
				DEBUG_INFORMATION_FORMAT = "dwarf-with-dsym";
				ENABLE_NS_ASSERTIONS = NO;
				ENABLE_STRICT_OBJC_MSGSEND = YES;
				GCC_C_LANGUAGE_STANDARD = gnu99;
				GCC_NO_COMMON_BLOCKS = YES;
				GCC_WARN_64_TO_32_BIT_CONVERSION = YES;
				GCC_WARN_ABOUT_RETURN_TYPE = YES_ERROR;
				GCC_WARN_UNDECLARED_SELECTOR = YES;
				GCC_WARN_UNINITIALIZED_AUTOS = YES_AGGRESSIVE;
				GCC_WARN_UNUSED_FUNCTION = YES;
				GCC_WARN_UNUSED_VARIABLE = YES;
				IPHONEOS_DEPLOYMENT_TARGET = 10.2;
				MTL_ENABLE_DEBUG_INFO = NO;
				SDKROOT = iphoneos;
				TARGETED_DEVICE_FAMILY = "1,2";
				VALIDATE_PRODUCT = YES;
			};
			name = Release;
		};
		AC2765541E6B31540019313B /* Debug */ = {
			isa = XCBuildConfiguration;
			buildSettings = {
				ASSETCATALOG_COMPILER_APPICON_NAME = AppIcon;
				INFOPLIST_FILE = ViperTest/Info.plist;
				LD_RUNPATH_SEARCH_PATHS = "$(inherited) @executable_path/Frameworks";
				PRODUCT_BUNDLE_IDENTIFIER = orzes.ViperTest;
				PRODUCT_NAME = "$(TARGET_NAME)";
			};
			name = Debug;
		};
		AC2765551E6B31540019313B /* Release */ = {
			isa = XCBuildConfiguration;
			buildSettings = {
				ASSETCATALOG_COMPILER_APPICON_NAME = AppIcon;
				INFOPLIST_FILE = ViperTest/Info.plist;
				LD_RUNPATH_SEARCH_PATHS = "$(inherited) @executable_path/Frameworks";
				PRODUCT_BUNDLE_IDENTIFIER = orzes.ViperTest;
				PRODUCT_NAME = "$(TARGET_NAME)";
			};
			name = Release;
		};
		AC2765571E6B31540019313B /* Debug */ = {
			isa = XCBuildConfiguration;
			buildSettings = {
				BUNDLE_LOADER = "$(TEST_HOST)";
				INFOPLIST_FILE = ViperTestTests/Info.plist;
				LD_RUNPATH_SEARCH_PATHS = "$(inherited) @executable_path/Frameworks @loader_path/Frameworks";
				PRODUCT_BUNDLE_IDENTIFIER = orzes.ViperTestTests;
				PRODUCT_NAME = "$(TARGET_NAME)";
				TEST_HOST = "$(BUILT_PRODUCTS_DIR)/ViperTest.app/ViperTest";
			};
			name = Debug;
		};
		AC2765581E6B31540019313B /* Release */ = {
			isa = XCBuildConfiguration;
			buildSettings = {
				BUNDLE_LOADER = "$(TEST_HOST)";
				INFOPLIST_FILE = ViperTestTests/Info.plist;
				LD_RUNPATH_SEARCH_PATHS = "$(inherited) @executable_path/Frameworks @loader_path/Frameworks";
				PRODUCT_BUNDLE_IDENTIFIER = orzes.ViperTestTests;
				PRODUCT_NAME = "$(TARGET_NAME)";
				TEST_HOST = "$(BUILT_PRODUCTS_DIR)/ViperTest.app/ViperTest";
			};
			name = Release;
		};
		AC27655A1E6B31540019313B /* Debug */ = {
			isa = XCBuildConfiguration;
			buildSettings = {
				INFOPLIST_FILE = ViperTestUITests/Info.plist;
				LD_RUNPATH_SEARCH_PATHS = "$(inherited) @executable_path/Frameworks @loader_path/Frameworks";
				PRODUCT_BUNDLE_IDENTIFIER = orzes.ViperTestUITests;
				PRODUCT_NAME = "$(TARGET_NAME)";
				TEST_TARGET_NAME = ViperTest;
			};
			name = Debug;
		};
		AC27655B1E6B31540019313B /* Release */ = {
			isa = XCBuildConfiguration;
			buildSettings = {
				INFOPLIST_FILE = ViperTestUITests/Info.plist;
				LD_RUNPATH_SEARCH_PATHS = "$(inherited) @executable_path/Frameworks @loader_path/Frameworks";
				PRODUCT_BUNDLE_IDENTIFIER = orzes.ViperTestUITests;
				PRODUCT_NAME = "$(TARGET_NAME)";
				TEST_TARGET_NAME = ViperTest;
			};
			name = Release;
		};
/* End XCBuildConfiguration section */

/* Begin XCConfigurationList section */
		AC2765211E6B31540019313B /* Build configuration list for PBXProject "ViperTest" */ = {
			isa = XCConfigurationList;
			buildConfigurations = (
				AC2765511E6B31540019313B /* Debug */,
				AC2765521E6B31540019313B /* Release */,
			);
			defaultConfigurationIsVisible = 0;
			defaultConfigurationName = Release;
		};
		AC2765531E6B31540019313B /* Build configuration list for PBXNativeTarget "ViperTest" */ = {
			isa = XCConfigurationList;
			buildConfigurations = (
				AC2765541E6B31540019313B /* Debug */,
				AC2765551E6B31540019313B /* Release */,
			);
			defaultConfigurationIsVisible = 0;
		};
		AC2765561E6B31540019313B /* Build configuration list for PBXNativeTarget "ViperTestTests" */ = {
			isa = XCConfigurationList;
			buildConfigurations = (
				AC2765571E6B31540019313B /* Debug */,
				AC2765581E6B31540019313B /* Release */,
			);
			defaultConfigurationIsVisible = 0;
		};
		AC2765591E6B31540019313B /* Build configuration list for PBXNativeTarget "ViperTestUITests" */ = {
			isa = XCConfigurationList;
			buildConfigurations = (
				AC27655A1E6B31540019313B /* Debug */,
				AC27655B1E6B31540019313B /* Release */,
			);
			defaultConfigurationIsVisible = 0;
		};
/* End XCConfigurationList section */
	};
	rootObject = AC27651E1E6B31540019313B /* Project object */;
}
